
Microsoft Visual Studio Solution File, Format Version 12.00
Project("{FAE04EC0-301F-11D3-BF4B-00C04F79EFBC}") = "JobManagmentSystem.WebApi", "JobManagmentSystem.WebApi\JobManagmentSystem.WebApi.csproj", "{27EE5B58-9DCB-4175-8FEF-F3C9CA2508D2}"
EndProject
Project("{2150E333-8FDC-42A3-9474-1A3956D46DE8}") = "Src", "Src", "{89E7EABE-BE8F-4156-9BE4-F76CD0282612}"
EndProject
Project("{2150E333-8FDC-42A3-9474-1A3956D46DE8}") = "Tests", "Tests", "{7F42BBBA-E221-4540-9643-58FB42A7A6EE}"
EndProject
Project("{FAE04EC0-301F-11D3-BF4B-00C04F79EFBC}") = "JobManagmentSystem.Scheduler", "JobManagmentSystem.Scheduler\JobManagmentSystem.Scheduler.csproj", "{B98AC521-376A-4E75-9BDA-731FECBE9A92}"
EndProject
Project("{FAE04EC0-301F-11D3-BF4B-00C04F79EFBC}") = "JobManagmentSystem.FileStorage", "JobManagmentSystem.FileStorage\JobManagmentSystem.FileStorage.csproj", "{ADB36CBB-2C5B-4E8E-91DB-454727360834}"
EndProject
Project("{FAE04EC0-301F-11D3-BF4B-00C04F79EFBC}") = "FileCopyJobService", "FileCopyJobService\FileCopyJobService.csproj", "{DB89C7C3-5F7F-4407-B8F9-2E72FDCF09F9}"
EndProject
Project("{FAE04EC0-301F-11D3-BF4B-00C04F79EFBC}") = "JobManagmentSystem.Application", "JobManagmentSystem.Application\JobManagmentSystem.Application.csproj", "{F9D0E741-589A-41BD-9E14-9A1D89C0517E}"
EndProject
Project("{FAE04EC0-301F-11D3-BF4B-00C04F79EFBC}") = "Scheduler.UnitTests", "Scheduler.UnitTests\Scheduler.UnitTests.csproj", "{CCF7AA72-94F8-433E-8AA2-20ED8FF46D9B}"
EndProject
Project("{FAE04EC0-301F-11D3-BF4B-00C04F79EFBC}") = "ConsoleWriterJobService", "ConsoleWriterJobService\ConsoleWriterJobService.csproj", "{33687280-FE69-4B3E-9666-8A66E37EEE39}"
EndProject
Global
	GlobalSection(SolutionConfigurationPlatforms) = preSolution
		Debug|Any CPU = Debug|Any CPU
		Release|Any CPU = Release|Any CPU
	EndGlobalSection
	GlobalSection(ProjectConfigurationPlatforms) = postSolution
		{27EE5B58-9DCB-4175-8FEF-F3C9CA2508D2}.Debug|Any CPU.ActiveCfg = Debug|Any CPU
		{27EE5B58-9DCB-4175-8FEF-F3C9CA2508D2}.Debug|Any CPU.Build.0 = Debug|Any CPU
		{27EE5B58-9DCB-4175-8FEF-F3C9CA2508D2}.Release|Any CPU.ActiveCfg = Release|Any CPU
		{27EE5B58-9DCB-4175-8FEF-F3C9CA2508D2}.Release|Any CPU.Build.0 = Release|Any CPU
		{B98AC521-376A-4E75-9BDA-731FECBE9A92}.Debug|Any CPU.ActiveCfg = Debug|Any CPU
		{B98AC521-376A-4E75-9BDA-731FECBE9A92}.Debug|Any CPU.Build.0 = Debug|Any CPU
		{B98AC521-376A-4E75-9BDA-731FECBE9A92}.Release|Any CPU.ActiveCfg = Release|Any CPU
		{B98AC521-376A-4E75-9BDA-731FECBE9A92}.Release|Any CPU.Build.0 = Release|Any CPU
		{ADB36CBB-2C5B-4E8E-91DB-454727360834}.Debug|Any CPU.ActiveCfg = Debug|Any CPU
		{ADB36CBB-2C5B-4E8E-91DB-454727360834}.Debug|Any CPU.Build.0 = Debug|Any CPU
		{ADB36CBB-2C5B-4E8E-91DB-454727360834}.Release|Any CPU.ActiveCfg = Release|Any CPU
		{ADB36CBB-2C5B-4E8E-91DB-454727360834}.Release|Any CPU.Build.0 = Release|Any CPU
		{DB89C7C3-5F7F-4407-B8F9-2E72FDCF09F9}.Debug|Any CPU.ActiveCfg = Debug|Any CPU
		{DB89C7C3-5F7F-4407-B8F9-2E72FDCF09F9}.Debug|Any CPU.Build.0 = Debug|Any CPU
		{DB89C7C3-5F7F-4407-B8F9-2E72FDCF09F9}.Release|Any CPU.ActiveCfg = Release|Any CPU
		{DB89C7C3-5F7F-4407-B8F9-2E72FDCF09F9}.Release|Any CPU.Build.0 = Release|Any CPU
		{F9D0E741-589A-41BD-9E14-9A1D89C0517E}.Debug|Any CPU.ActiveCfg = Debug|Any CPU
		{F9D0E741-589A-41BD-9E14-9A1D89C0517E}.Debug|Any CPU.Build.0 = Debug|Any CPU
		{F9D0E741-589A-41BD-9E14-9A1D89C0517E}.Release|Any CPU.ActiveCfg = Release|Any CPU
		{F9D0E741-589A-41BD-9E14-9A1D89C0517E}.Release|Any CPU.Build.0 = Release|Any CPU
		{CCF7AA72-94F8-433E-8AA2-20ED8FF46D9B}.Debug|Any CPU.ActiveCfg = Debug|Any CPU
		{CCF7AA72-94F8-433E-8AA2-20ED8FF46D9B}.Debug|Any CPU.Build.0 = Debug|Any CPU
		{CCF7AA72-94F8-433E-8AA2-20ED8FF46D9B}.Release|Any CPU.ActiveCfg = Release|Any CPU
		{CCF7AA72-94F8-433E-8AA2-20ED8FF46D9B}.Release|Any CPU.Build.0 = Release|Any CPU
		{33687280-FE69-4B3E-9666-8A66E37EEE39}.Debug|Any CPU.ActiveCfg = Debug|Any CPU
		{33687280-FE69-4B3E-9666-8A66E37EEE39}.Debug|Any CPU.Build.0 = Debug|Any CPU
		{33687280-FE69-4B3E-9666-8A66E37EEE39}.Release|Any CPU.ActiveCfg = Release|Any CPU
		{33687280-FE69-4B3E-9666-8A66E37EEE39}.Release|Any CPU.Build.0 = Release|Any CPU
	EndGlobalSection
	GlobalSection(NestedProjects) = preSolution
		{27EE5B58-9DCB-4175-8FEF-F3C9CA2508D2} = {89E7EABE-BE8F-4156-9BE4-F76CD0282612}
		{F9D0E741-589A-41BD-9E14-9A1D89C0517E} = {89E7EABE-BE8F-4156-9BE4-F76CD0282612}
		{B98AC521-376A-4E75-9BDA-731FECBE9A92} = {89E7EABE-BE8F-4156-9BE4-F76CD0282612}
		{DB89C7C3-5F7F-4407-B8F9-2E72FDCF09F9} = {89E7EABE-BE8F-4156-9BE4-F76CD0282612}
		{ADB36CBB-2C5B-4E8E-91DB-454727360834} = {89E7EABE-BE8F-4156-9BE4-F76CD0282612}
		{CCF7AA72-94F8-433E-8AA2-20ED8FF46D9B} = {7F42BBBA-E221-4540-9643-58FB42A7A6EE}
		{33687280-FE69-4B3E-9666-8A66E37EEE39} = {89E7EABE-BE8F-4156-9BE4-F76CD0282612}
	EndGlobalSection
EndGlobal
